
Microsoft Visual Studio Solution File, Format Version 12.00
Project("{FAE04EC0-301F-11D3-BF4B-00C04F79EFBC}") = "ReplaceMissingFilesInsideVsndevts", "ReplaceMissingFilesInsideVsndevts\ReplaceMissingFilesInsideVsndevts.csproj", "{1CEE616F-95CB-432D-AB52-34861AD85566}"
EndProject
Project("{FAE04EC0-301F-11D3-BF4B-00C04F79EFBC}") = "CommonLib", "CommonLib\CommonLib.csproj", "{F3B301A8-54A7-42A1-816D-E3C1AD8B578D}"
EndProject
Project("{FAE04EC0-301F-11D3-BF4B-00C04F79EFBC}") = "Common.WPF", "Common.WPF\Common.WPF.csproj", "{9289ECB8-A626-475F-B11D-D9350CE17D44}"
EndProject
Project("{2150E333-8FDC-42A3-9474-1A3956D46DE8}") = "Common", "Common", "{1D8E0B79-5EA3-41B0-B44D-8651DF62C773}"
EndProject
Project("{FAE04EC0-301F-11D3-BF4B-00C04F79EFBC}") = "CompareVsndevtsFiles", "CompareVsndevtsFiles\CompareVsndevtsFiles.csproj", "{9FFEBAF6-F722-40DA-85BC-FC381035F866}"
EndProject
Project("{FAE04EC0-301F-11D3-BF4B-00C04F79EFBC}") = "SBnDota2ModExporter", "SBnDota2ModExporter\SBnDota2ModExporter.csproj", "{D49761CB-5EB9-476E-A90E-C3BEDEC69D6E}"
EndProject
Project("{FAE04EC0-301F-11D3-BF4B-00C04F79EFBC}") = "VsndevtsEditor", "VsndevtsEditor\VsndevtsEditor.csproj", "{A37D75D7-8F92-47EA-93FB-9475E5E92A70}"
EndProject
Project("{FAE04EC0-301F-11D3-BF4B-00C04F79EFBC}") = "RemoveCosmetics", "RemoveCosmetics\RemoveCosmetics.csproj", "{B31880A1-A02C-444D-A23A-DFE8C09F0072}"
EndProject
Global
	GlobalSection(SolutionConfigurationPlatforms) = preSolution
		Debug|Any CPU = Debug|Any CPU
		Release|Any CPU = Release|Any CPU
	EndGlobalSection
	GlobalSection(ProjectConfigurationPlatforms) = postSolution
		{1CEE616F-95CB-432D-AB52-34861AD85566}.Debug|Any CPU.ActiveCfg = Debug|Any CPU
		{1CEE616F-95CB-432D-AB52-34861AD85566}.Debug|Any CPU.Build.0 = Debug|Any CPU
		{1CEE616F-95CB-432D-AB52-34861AD85566}.Release|Any CPU.ActiveCfg = Release|Any CPU
		{1CEE616F-95CB-432D-AB52-34861AD85566}.Release|Any CPU.Build.0 = Release|Any CPU
		{F3B301A8-54A7-42A1-816D-E3C1AD8B578D}.Debug|Any CPU.ActiveCfg = Debug|Any CPU
		{F3B301A8-54A7-42A1-816D-E3C1AD8B578D}.Debug|Any CPU.Build.0 = Debug|Any CPU
		{F3B301A8-54A7-42A1-816D-E3C1AD8B578D}.Release|Any CPU.ActiveCfg = Release|Any CPU
		{F3B301A8-54A7-42A1-816D-E3C1AD8B578D}.Release|Any CPU.Build.0 = Release|Any CPU
		{9289ECB8-A626-475F-B11D-D9350CE17D44}.Debug|Any CPU.ActiveCfg = Debug|Any CPU
		{9289ECB8-A626-475F-B11D-D9350CE17D44}.Debug|Any CPU.Build.0 = Debug|Any CPU
		{9289ECB8-A626-475F-B11D-D9350CE17D44}.Release|Any CPU.ActiveCfg = Release|Any CPU
		{9289ECB8-A626-475F-B11D-D9350CE17D44}.Release|Any CPU.Build.0 = Release|Any CPU
		{9FFEBAF6-F722-40DA-85BC-FC381035F866}.Debug|Any CPU.ActiveCfg = Debug|Any CPU
		{9FFEBAF6-F722-40DA-85BC-FC381035F866}.Debug|Any CPU.Build.0 = Debug|Any CPU
		{9FFEBAF6-F722-40DA-85BC-FC381035F866}.Release|Any CPU.ActiveCfg = Release|Any CPU
		{9FFEBAF6-F722-40DA-85BC-FC381035F866}.Release|Any CPU.Build.0 = Release|Any CPU
		{D49761CB-5EB9-476E-A90E-C3BEDEC69D6E}.Debug|Any CPU.ActiveCfg = Debug|Any CPU
		{D49761CB-5EB9-476E-A90E-C3BEDEC69D6E}.Debug|Any CPU.Build.0 = Debug|Any CPU
		{D49761CB-5EB9-476E-A90E-C3BEDEC69D6E}.Release|Any CPU.ActiveCfg = Release|Any CPU
		{D49761CB-5EB9-476E-A90E-C3BEDEC69D6E}.Release|Any CPU.Build.0 = Release|Any CPU
		{A37D75D7-8F92-47EA-93FB-9475E5E92A70}.Debug|Any CPU.ActiveCfg = Debug|Any CPU
		{A37D75D7-8F92-47EA-93FB-9475E5E92A70}.Debug|Any CPU.Build.0 = Debug|Any CPU
		{A37D75D7-8F92-47EA-93FB-9475E5E92A70}.Release|Any CPU.ActiveCfg = Release|Any CPU
		{A37D75D7-8F92-47EA-93FB-9475E5E92A70}.Release|Any CPU.Build.0 = Release|Any CPU
		{B31880A1-A02C-444D-A23A-DFE8C09F0072}.Debug|Any CPU.ActiveCfg = Debug|Any CPU
		{B31880A1-A02C-444D-A23A-DFE8C09F0072}.Debug|Any CPU.Build.0 = Debug|Any CPU
		{B31880A1-A02C-444D-A23A-DFE8C09F0072}.Release|Any CPU.ActiveCfg = Release|Any CPU
		{B31880A1-A02C-444D-A23A-DFE8C09F0072}.Release|Any CPU.Build.0 = Release|Any CPU
	EndGlobalSection
	GlobalSection(NestedProjects) = preSolution
		{9289ECB8-A626-475F-B11D-D9350CE17D44} = {1D8E0B79-5EA3-41B0-B44D-8651DF62C773}
		{F3B301A8-54A7-42A1-816D-E3C1AD8B578D} = {1D8E0B79-5EA3-41B0-B44D-8651DF62C773}
	EndGlobalSection
EndGlobal
